
Microsoft Visual Studio Solution File, Format Version 12.00
# Visual Studio 2013
VisualStudioVersion = 12.0.40629.0
MinimumVisualStudioVersion = 10.0.40219.1
Project("{FAE04EC0-301F-11D3-BF4B-00C04F79EFBC}") = "SemestralWork", "SemestralWork\SemestralWork.csproj", "{1B8ADBF5-316A-44EA-A390-EEAAECBE22D2}"
EndProject
Project("{FAE04EC0-301F-11D3-BF4B-00C04F79EFBC}") = "ContinousWebJob", "ContinousWebJob\ContinousWebJob.csproj", "{9D9948AE-E2FB-42F3-8D2C-9216EA9D75CC}"
EndProject
Project("{FAE04EC0-301F-11D3-BF4B-00C04F79EFBC}") = "OnDemandWebJob", "OnDemandWebJob\OnDemandWebJob.csproj", "{6C059EAC-5E08-4646-AA88-B408428BB86C}"
EndProject
Global
	GlobalSection(SolutionConfigurationPlatforms) = preSolution
		Debug|Any CPU = Debug|Any CPU
		Release|Any CPU = Release|Any CPU
	EndGlobalSection
	GlobalSection(ProjectConfigurationPlatforms) = postSolution
		{1B8ADBF5-316A-44EA-A390-EEAAECBE22D2}.Debug|Any CPU.ActiveCfg = Debug|Any CPU
		{1B8ADBF5-316A-44EA-A390-EEAAECBE22D2}.Debug|Any CPU.Build.0 = Debug|Any CPU
		{1B8ADBF5-316A-44EA-A390-EEAAECBE22D2}.Release|Any CPU.ActiveCfg = Release|Any CPU
		{1B8ADBF5-316A-44EA-A390-EEAAECBE22D2}.Release|Any CPU.Build.0 = Release|Any CPU
		{9D9948AE-E2FB-42F3-8D2C-9216EA9D75CC}.Debug|Any CPU.ActiveCfg = Debug|Any CPU
		{9D9948AE-E2FB-42F3-8D2C-9216EA9D75CC}.Debug|Any CPU.Build.0 = Debug|Any CPU
		{9D9948AE-E2FB-42F3-8D2C-9216EA9D75CC}.Release|Any CPU.ActiveCfg = Release|Any CPU
		{9D9948AE-E2FB-42F3-8D2C-9216EA9D75CC}.Release|Any CPU.Build.0 = Release|Any CPU
		{6C059EAC-5E08-4646-AA88-B408428BB86C}.Debug|Any CPU.ActiveCfg = Debug|Any CPU
		{6C059EAC-5E08-4646-AA88-B408428BB86C}.Debug|Any CPU.Build.0 = Debug|Any CPU
		{6C059EAC-5E08-4646-AA88-B408428BB86C}.Release|Any CPU.ActiveCfg = Release|Any CPU
		{6C059EAC-5E08-4646-AA88-B408428BB86C}.Release|Any CPU.Build.0 = Release|Any CPU
	EndGlobalSection
	GlobalSection(SolutionProperties) = preSolution
		HideSolutionNode = FALSE
	EndGlobalSection
EndGlobal
