
Microsoft Visual Studio Solution File, Format Version 12.00
# Visual Studio 2013
VisualStudioVersion = 12.0.40629.0
MinimumVisualStudioVersion = 10.0.40219.1
Project("{FAE04EC0-301F-11D3-BF4B-00C04F79EFBC}") = "HatcherySeminaryWorkWEB", "HatcherySeminaryWorkWEB\HatcherySeminaryWorkWEB.csproj", "{950E4238-2B79-4393-AC9C-9B46142D957B}"
EndProject
Global
	GlobalSection(SolutionConfigurationPlatforms) = preSolution
		Debug|Any CPU = Debug|Any CPU
		Release|Any CPU = Release|Any CPU
	EndGlobalSection
	GlobalSection(ProjectConfigurationPlatforms) = postSolution
		{950E4238-2B79-4393-AC9C-9B46142D957B}.Debug|Any CPU.ActiveCfg = Debug|Any CPU
		{950E4238-2B79-4393-AC9C-9B46142D957B}.Debug|Any CPU.Build.0 = Debug|Any CPU
		{950E4238-2B79-4393-AC9C-9B46142D957B}.Release|Any CPU.ActiveCfg = Release|Any CPU
		{950E4238-2B79-4393-AC9C-9B46142D957B}.Release|Any CPU.Build.0 = Release|Any CPU
	EndGlobalSection
	GlobalSection(SolutionProperties) = preSolution
		HideSolutionNode = FALSE
	EndGlobalSection
EndGlobal
